// !$*UTF8*$!
{
	archiveVersion = 1;
	classes = {
	};
	objectVersion = 46;
	objects = {

/* Begin PBXBuildFile section */
		224F93D51E951CEE00193053 /* AppDelegate.swift in Sources */ = {isa = PBXBuildFile; fileRef = 224F93D41E951CEE00193053 /* AppDelegate.swift */; };
		224F93D71E951CEE00193053 /* ViewController.swift in Sources */ = {isa = PBXBuildFile; fileRef = 224F93D61E951CEE00193053 /* ViewController.swift */; };
		224F93DA1E951CEE00193053 /* Main.storyboard in Resources */ = {isa = PBXBuildFile; fileRef = 224F93D81E951CEE00193053 /* Main.storyboard */; };
		224F93DC1E951CEE00193053 /* Assets.xcassets in Resources */ = {isa = PBXBuildFile; fileRef = 224F93DB1E951CEE00193053 /* Assets.xcassets */; };
		224F93DF1E951CEE00193053 /* LaunchScreen.storyboard in Resources */ = {isa = PBXBuildFile; fileRef = 224F93DD1E951CEE00193053 /* LaunchScreen.storyboard */; };
/* End PBXBuildFile section */

/* Begin PBXFileReference section */
		224F93D11E951CEE00193053 /* Mills Fitness Apparel.app */ = {isa = PBXFileReference; explicitFileType = wrapper.application; includeInIndex = 0; path = "Mills Fitness Apparel.app"; sourceTree = BUILT_PRODUCTS_DIR; };
		224F93D41E951CEE00193053 /* AppDelegate.swift */ = {isa = PBXFileReference; lastKnownFileType = sourcecode.swift; path = AppDelegate.swift; sourceTree = "<group>"; };
		224F93D61E951CEE00193053 /* ViewController.swift */ = {isa = PBXFileReference; lastKnownFileType = sourcecode.swift; path = ViewController.swift; sourceTree = "<group>"; };
		224F93D91E951CEE00193053 /* Base */ = {isa = PBXFileReference; lastKnownFileType = file.storyboard; name = Base; path = Base.lproj/Main.storyboard; sourceTree = "<group>"; };
		224F93DB1E951CEE00193053 /* Assets.xcassets */ = {isa = PBXFileReference; lastKnownFileType = folder.assetcatalog; path = Assets.xcassets; sourceTree = "<group>"; };
		224F93DE1E951CEE00193053 /* Base */ = {isa = PBXFileReference; lastKnownFileType = file.storyboard; name = Base; path = Base.lproj/LaunchScreen.storyboard; sourceTree = "<group>"; };
		224F93E01E951CEF00193053 /* Info.plist */ = {isa = PBXFileReference; lastKnownFileType = text.plist.xml; path = Info.plist; sourceTree = "<group>"; };
/* End PBXFileReference section */

/* Begin PBXFrameworksBuildPhase section */
		224F93CE1E951CEE00193053 /* Frameworks */ = {
			isa = PBXFrameworksBuildPhase;
			buildActionMask = 2147483647;
			files = (
			);
			runOnlyForDeploymentPostprocessing = 0;
		};
/* End PBXFrameworksBuildPhase section */

/* Begin PBXGroup section */
		224F93C81E951CED00193053 = {
			isa = PBXGroup;
			children = (
				224F93D31E951CEE00193053 /* Mills Fitness Apparel */,
				224F93D21E951CEE00193053 /* Products */,
			);
			sourceTree = "<group>";
		};
		224F93D21E951CEE00193053 /* Products */ = {
			isa = PBXGroup;
			children = (
				224F93D11E951CEE00193053 /* Mills Fitness Apparel.app */,
			);
			name = Products;
			sourceTree = "<group>";
		};
		224F93D31E951CEE00193053 /* Mills Fitness Apparel */ = {
			isa = PBXGroup;
			children = (
				224F93D41E951CEE00193053 /* AppDelegate.swift */,
				224F93D61E951CEE00193053 /* ViewController.swift */,
				224F93D81E951CEE00193053 /* Main.storyboard */,
				224F93DB1E951CEE00193053 /* Assets.xcassets */,
				224F93DD1E951CEE00193053 /* LaunchScreen.storyboard */,
				224F93E01E951CEF00193053 /* Info.plist */,
			);
			path = "Mills Fitness Apparel";
			sourceTree = "<group>";
		};
/* End PBXGroup section */

/* Begin PBXNativeTarget section */
		224F93D01E951CEE00193053 /* Mills Fitness Apparel */ = {
			isa = PBXNativeTarget;
			buildConfigurationList = 224F93E31E951CEF00193053 /* Build configuration list for PBXNativeTarget "Mills Fitness Apparel" */;
			buildPhases = (
				224F93CD1E951CEE00193053 /* Sources */,
				224F93CE1E951CEE00193053 /* Frameworks */,
				224F93CF1E951CEE00193053 /* Resources */,
			);
			buildRules = (
			);
			dependencies = (
			);
			name = "Mills Fitness Apparel";
			productName = "Mills Fitness Apparel";
			productReference = 224F93D11E951CEE00193053 /* Mills Fitness Apparel.app */;
			productType = "com.apple.product-type.application";
		};
/* End PBXNativeTarget section */

/* Begin PBXProject section */
		224F93C91E951CED00193053 /* Project object */ = {
			isa = PBXProject;
			attributes = {
				LastSwiftUpdateCheck = 0820;
				LastUpgradeCheck = 0820;
				ORGANIZATIONNAME = "Avenir Design";
				TargetAttributes = {
					224F93D01E951CEE00193053 = {
						CreatedOnToolsVersion = 8.2.1;
						DevelopmentTeam = 37X99Z2UMQ;
						ProvisioningStyle = Automatic;
					};
				};
			};
			buildConfigurationList = 224F93CC1E951CED00193053 /* Build configuration list for PBXProject "Mills Fitness Apparel" */;
			compatibilityVersion = "Xcode 3.2";
			developmentRegion = English;
			hasScannedForEncodings = 0;
			knownRegions = (
				en,
				Base,
			);
			mainGroup = 224F93C81E951CED00193053;
			productRefGroup = 224F93D21E951CEE00193053 /* Products */;
			projectDirPath = "";
			projectRoot = "";
			targets = (
				224F93D01E951CEE00193053 /* Mills Fitness Apparel */,
			);
		};
/* End PBXProject section */

/* Begin PBXResourcesBuildPhase section */
		224F93CF1E951CEE00193053 /* Resources */ = {
			isa = PBXResourcesBuildPhase;
			buildActionMask = 2147483647;
			files = (
				224F93DF1E951CEE00193053 /* LaunchScreen.storyboard in Resources */,
				224F93DC1E951CEE00193053 /* Assets.xcassets in Resources */,
				224F93DA1E951CEE00193053 /* Main.storyboard in Resources */,
			);
			runOnlyForDeploymentPostprocessing = 0;
		};
/* End PBXResourcesBuildPhase section */

/* Begin PBXSourcesBuildPhase section */
		224F93CD1E951CEE00193053 /* Sources */ = {
			isa = PBXSourcesBuildPhase;
			buildActionMask = 2147483647;
			files = (
				224F93D71E951CEE00193053 /* ViewController.swift in Sources */,
				224F93D51E951CEE00193053 /* AppDelegate.swift in Sources */,
			);
			runOnlyForDeploymentPostprocessing = 0;
		};
/* End PBXSourcesBuildPhase section */

/* Begin PBXVariantGroup section */
		224F93D81E951CEE00193053 /* Main.storyboard */ = {
			isa = PBXVariantGroup;
			children = (
				224F93D91E951CEE00193053 /* Base */,
			);
			name = Main.storyboard;
			sourceTree = "<group>";
		};
		224F93DD1E951CEE00193053 /* LaunchScreen.storyboard */ = {
			isa = PBXVariantGroup;
			children = (
				224F93DE1E951CEE00193053 /* Base */,
			);
			name = LaunchScreen.storyboard;
			sourceTree = "<group>";
		};
/* End PBXVariantGroup section */

/* Begin XCBuildConfiguration section */
		224F93E11E951CEF00193053 /* Debug */ = {
			isa = XCBuildConfiguration;
			buildSettings = {
				ALWAYS_SEARCH_USER_PATHS = NO;
				CLANG_ANALYZER_NONNULL = YES;
				CLANG_CXX_LANGUAGE_STANDARD = "gnu++0x";
				CLANG_CXX_LIBRARY = "libc++";
				CLANG_ENABLE_MODULES = YES;
				CLANG_ENABLE_OBJC_ARC = YES;
				CLANG_WARN_BOOL_CONVERSION = YES;
				CLANG_WARN_CONSTANT_CONVERSION = YES;
				CLANG_WARN_DIRECT_OBJC_ISA_USAGE = YES_ERROR;
				CLANG_WARN_DOCUMENTATION_COMMENTS = YES;
				CLANG_WARN_EMPTY_BODY = YES;
				CLANG_WARN_ENUM_CONVERSION = YES;
				CLANG_WARN_INFINITE_RECURSION = YES;
				CLANG_WARN_INT_CONVERSION = YES;
				CLANG_WARN_OBJC_ROOT_CLASS = YES_ERROR;
				CLANG_WARN_SUSPICIOUS_MOVE = YES;
				CLANG_WARN_UNREACHABLE_CODE = YES;
				CLANG_WARN__DUPLICATE_METHOD_MATCH = YES;
				"CODE_SIGN_IDENTITY[sdk=iphoneos*]" = "iPhone Developer";
				COPY_PHASE_STRIP = NO;
				DEBUG_INFORMATION_FORMAT = dwarf;
				ENABLE_STRICT_OBJC_MSGSEND = YES;
				ENABLE_TESTABILITY = YES;
				GCC_C_LANGUAGE_STANDARD = gnu99;
				GCC_DYNAMIC_NO_PIC = NO;
				GCC_NO_COMMON_BLOCKS = YES;
				GCC_OPTIMIZATION_LEVEL = 0;
				GCC_PREPROCESSOR_DEFINITIONS = (
					"DEBUG=1",
					"$(inherited)",
				);
				GCC_WARN_64_TO_32_BIT_CONVERSION = YES;
				GCC_WARN_ABOUT_RETURN_TYPE = YES_ERROR;
				GCC_WARN_UNDECLARED_SELECTOR = YES;
				GCC_WARN_UNINITIALIZED_AUTOS = YES_AGGRESSIVE;
				GCC_WARN_UNUSED_FUNCTION = YES;
				GCC_WARN_UNUSED_VARIABLE = YES;
				IPHONEOS_DEPLOYMENT_TARGET = 10.2;
				MTL_ENABLE_DEBUG_INFO = YES;
				ONLY_ACTIVE_ARCH = YES;
				SDKROOT = iphoneos;
				SWIFT_ACTIVE_COMPILATION_CONDITIONS = DEBUG;
				SWIFT_OPTIMIZATION_LEVEL = "-Onone";
			};
			name = Debug;
		};
		224F93E21E951CEF00193053 /* Release */ = {
			isa = XCBuildConfiguration;
			buildSettings = {
				ALWAYS_SEARCH_USER_PATHS = NO;
				CLANG_ANALYZER_NONNULL = YES;
				CLANG_CXX_LANGUAGE_STANDARD = "gnu++0x";
				CLANG_CXX_LIBRARY = "libc++";
				CLANG_ENABLE_MODULES = YES;
				CLANG_ENABLE_OBJC_ARC = YES;
				CLANG_WARN_BOOL_CONVERSION = YES;
				CLANG_WARN_CONSTANT_CONVERSION = YES;
				CLANG_WARN_DIRECT_OBJC_ISA_USAGE = YES_ERROR;
				CLANG_WARN_DOCUMENTATION_COMMENTS = YES;
				CLANG_WARN_EMPTY_BODY = YES;
				CLANG_WARN_ENUM_CONVERSION = YES;
				CLANG_WARN_INFINITE_RECURSION = YES;
				CLANG_WARN_INT_CONVERSION = YES;
				CLANG_WARN_OBJC_ROOT_CLASS = YES_ERROR;
				CLANG_WARN_SUSPICIOUS_MOVE = YES;
				CLANG_WARN_UNREACHABLE_CODE = YES;
				CLANG_WARN__DUPLICATE_METHOD_MATCH = YES;
				"CODE_SIGN_IDENTITY[sdk=iphoneos*]" = "iPhone Developer";
				COPY_PHASE_STRIP = NO;
				DEBUG_INFORMATION_FORMAT = "dwarf-with-dsym";
				ENABLE_NS_ASSERTIONS = NO;
				ENABLE_STRICT_OBJC_MSGSEND = YES;
				GCC_C_LANGUAGE_STANDARD = gnu99;
				GCC_NO_COMMON_BLOCKS = YES;
				GCC_WARN_64_TO_32_BIT_CONVERSION = YES;
				GCC_WARN_ABOUT_RETURN_TYPE = YES_ERROR;
				GCC_WARN_UNDECLARED_SELECTOR = YES;
				GCC_WARN_UNINITIALIZED_AUTOS = YES_AGGRESSIVE;
				GCC_WARN_UNUSED_FUNCTION = YES;
				GCC_WARN_UNUSED_VARIABLE = YES;
				IPHONEOS_DEPLOYMENT_TARGET = 10.2;
				MTL_ENABLE_DEBUG_INFO = NO;
				SDKROOT = iphoneos;
				SWIFT_OPTIMIZATION_LEVEL = "-Owholemodule";
				VALIDATE_PRODUCT = YES;
			};
			name = Release;
		};
		224F93E41E951CEF00193053 /* Debug */ = {
			isa = XCBuildConfiguration;
			buildSettings = {
				ASSETCATALOG_COMPILER_APPICON_NAME = AppIcon;
				DEVELOPMENT_TEAM = 37X99Z2UMQ;
				INFOPLIST_FILE = "Mills Fitness Apparel/Info.plist";
				LD_RUNPATH_SEARCH_PATHS = "$(inherited) @executable_path/Frameworks";
				PRODUCT_BUNDLE_IDENTIFIER = "com.avenirdesign.Mills-Fitness-Apparel";
				PRODUCT_NAME = "$(TARGET_NAME)";
				SWIFT_VERSION = 3.0;
			};
			name = Debug;
		};
		224F93E51E951CEF00193053 /* Release */ = {
			isa = XCBuildConfiguration;
			buildSettings = {
				ASSETCATALOG_COMPILER_APPICON_NAME = AppIcon;
				DEVELOPMENT_TEAM = 37X99Z2UMQ;
				INFOPLIST_FILE = "Mills Fitness Apparel/Info.plist";
				LD_RUNPATH_SEARCH_PATHS = "$(inherited) @executable_path/Frameworks";
				PRODUCT_BUNDLE_IDENTIFIER = "com.avenirdesign.Mills-Fitness-Apparel";
				PRODUCT_NAME = "$(TARGET_NAME)";
				SWIFT_VERSION = 3.0;
			};
			name = Release;
		};
/* End XCBuildConfiguration section */

/* Begin XCConfigurationList section */
		224F93CC1E951CED00193053 /* Build configuration list for PBXProject "Mills Fitness Apparel" */ = {
			isa = XCConfigurationList;
			buildConfigurations = (
				224F93E11E951CEF00193053 /* Debug */,
				224F93E21E951CEF00193053 /* Release */,
			);
			defaultConfigurationIsVisible = 0;
			defaultConfigurationName = Release;
		};
		224F93E31E951CEF00193053 /* Build configuration list for PBXNativeTarget "Mills Fitness Apparel" */ = {
			isa = XCConfigurationList;
			buildConfigurations = (
				224F93E41E951CEF00193053 /* Debug */,
				224F93E51E951CEF00193053 /* Release */,
			);
			defaultConfigurationIsVisible = 0;
		};
/* End XCConfigurationList section */
	};
	rootObject = 224F93C91E951CED00193053 /* Project object */;
}
